
Microsoft Visual Studio Solution File, Format Version 12.00
# Visual Studio 2012
Project("{FAE04EC0-301F-11D3-BF4B-00C04F79EFBC}") = "BoxKite.Twitter", "BoxKite.Twitter\BoxKite.Twitter.csproj", "{982F832C-29B8-4CDB-B269-7A420D26BBE3}"
EndProject
Project("{FAE04EC0-301F-11D3-BF4B-00C04F79EFBC}") = "BoxKite.Twitter.UnitTests", "BoxKite.Twitter.UnitTests\BoxKite.Twitter.UnitTests.csproj", "{D99A2B1C-C789-4FD4-9838-3BC1BF80AFC6}"
EndProject
Project("{2150E333-8FDC-42A3-9474-1A3956D46DE8}") = ".nuget", ".nuget", "{92C99AEC-B601-4D61-8BC2-F14279FFA7BD}"
	ProjectSection(SolutionItems) = preProject
		.nuget\packages.config = .nuget\packages.config
	EndProjectSection
EndProject
Project("{FAE04EC0-301F-11D3-BF4B-00C04F79EFBC}") = "BoxKite.Twitter45", "BoxKite.Twitter45\BoxKite.Twitter45.csproj", "{09468A00-71F5-4406-A4C4-A6C7E491258F}"
EndProject
Project("{2150E333-8FDC-42A3-9474-1A3956D46DE8}") = "package", "package", "{7B805718-C3ED-49B7-B730-F03A69C31BD9}"
	ProjectSection(SolutionItems) = preProject
		..\build\BoxKite.Twitter\BoxKite.Twitter.nuspec = ..\build\BoxKite.Twitter\BoxKite.Twitter.nuspec
	EndProjectSection
EndProject
Project("{FAE04EC0-301F-11D3-BF4B-00C04F79EFBC}") = "BoxKite.Twitter45.Samples", "BoxKite.Twitter45.Samples\BoxKite.Twitter45.Samples.csproj", "{C5994B7F-CFA5-490A-BFC5-34148FD9A153}"
EndProject
Global
	GlobalSection(SolutionConfigurationPlatforms) = preSolution
		Debug|Any CPU = Debug|Any CPU
		Debug|ARM = Debug|ARM
		Debug|x64 = Debug|x64
		Debug|x86 = Debug|x86
		Release|Any CPU = Release|Any CPU
		Release|ARM = Release|ARM
		Release|x64 = Release|x64
		Release|x86 = Release|x86
	EndGlobalSection
	GlobalSection(ProjectConfigurationPlatforms) = postSolution
		{982F832C-29B8-4CDB-B269-7A420D26BBE3}.Debug|Any CPU.ActiveCfg = Debug|Any CPU
		{982F832C-29B8-4CDB-B269-7A420D26BBE3}.Debug|Any CPU.Build.0 = Debug|Any CPU
		{982F832C-29B8-4CDB-B269-7A420D26BBE3}.Debug|ARM.ActiveCfg = Debug|ARM
		{982F832C-29B8-4CDB-B269-7A420D26BBE3}.Debug|ARM.Build.0 = Debug|ARM
		{982F832C-29B8-4CDB-B269-7A420D26BBE3}.Debug|x64.ActiveCfg = Debug|x64
		{982F832C-29B8-4CDB-B269-7A420D26BBE3}.Debug|x64.Build.0 = Debug|x64
		{982F832C-29B8-4CDB-B269-7A420D26BBE3}.Debug|x86.ActiveCfg = Debug|x86
		{982F832C-29B8-4CDB-B269-7A420D26BBE3}.Debug|x86.Build.0 = Debug|x86
		{982F832C-29B8-4CDB-B269-7A420D26BBE3}.Release|Any CPU.ActiveCfg = Release|Any CPU
		{982F832C-29B8-4CDB-B269-7A420D26BBE3}.Release|Any CPU.Build.0 = Release|Any CPU
		{982F832C-29B8-4CDB-B269-7A420D26BBE3}.Release|ARM.ActiveCfg = Release|ARM
		{982F832C-29B8-4CDB-B269-7A420D26BBE3}.Release|ARM.Build.0 = Release|ARM
		{982F832C-29B8-4CDB-B269-7A420D26BBE3}.Release|x64.ActiveCfg = Release|x64
		{982F832C-29B8-4CDB-B269-7A420D26BBE3}.Release|x64.Build.0 = Release|x64
		{982F832C-29B8-4CDB-B269-7A420D26BBE3}.Release|x86.ActiveCfg = Release|x86
		{982F832C-29B8-4CDB-B269-7A420D26BBE3}.Release|x86.Build.0 = Release|x86
		{D99A2B1C-C789-4FD4-9838-3BC1BF80AFC6}.Debug|Any CPU.ActiveCfg = Debug|Any CPU
		{D99A2B1C-C789-4FD4-9838-3BC1BF80AFC6}.Debug|Any CPU.Build.0 = Debug|Any CPU
		{D99A2B1C-C789-4FD4-9838-3BC1BF80AFC6}.Debug|Any CPU.Deploy.0 = Debug|Any CPU
		{D99A2B1C-C789-4FD4-9838-3BC1BF80AFC6}.Debug|ARM.ActiveCfg = Debug|ARM
		{D99A2B1C-C789-4FD4-9838-3BC1BF80AFC6}.Debug|ARM.Build.0 = Debug|ARM
		{D99A2B1C-C789-4FD4-9838-3BC1BF80AFC6}.Debug|ARM.Deploy.0 = Debug|ARM
		{D99A2B1C-C789-4FD4-9838-3BC1BF80AFC6}.Debug|x64.ActiveCfg = Debug|x64
		{D99A2B1C-C789-4FD4-9838-3BC1BF80AFC6}.Debug|x64.Build.0 = Debug|x64
		{D99A2B1C-C789-4FD4-9838-3BC1BF80AFC6}.Debug|x64.Deploy.0 = Debug|x64
		{D99A2B1C-C789-4FD4-9838-3BC1BF80AFC6}.Debug|x86.ActiveCfg = Debug|x86
		{D99A2B1C-C789-4FD4-9838-3BC1BF80AFC6}.Debug|x86.Build.0 = Debug|x86
		{D99A2B1C-C789-4FD4-9838-3BC1BF80AFC6}.Debug|x86.Deploy.0 = Debug|x86
		{D99A2B1C-C789-4FD4-9838-3BC1BF80AFC6}.Release|Any CPU.ActiveCfg = Release|Any CPU
		{D99A2B1C-C789-4FD4-9838-3BC1BF80AFC6}.Release|Any CPU.Build.0 = Release|Any CPU
		{D99A2B1C-C789-4FD4-9838-3BC1BF80AFC6}.Release|Any CPU.Deploy.0 = Release|Any CPU
		{D99A2B1C-C789-4FD4-9838-3BC1BF80AFC6}.Release|ARM.ActiveCfg = Release|ARM
		{D99A2B1C-C789-4FD4-9838-3BC1BF80AFC6}.Release|ARM.Build.0 = Release|ARM
		{D99A2B1C-C789-4FD4-9838-3BC1BF80AFC6}.Release|ARM.Deploy.0 = Release|ARM
		{D99A2B1C-C789-4FD4-9838-3BC1BF80AFC6}.Release|x64.ActiveCfg = Release|x64
		{D99A2B1C-C789-4FD4-9838-3BC1BF80AFC6}.Release|x64.Build.0 = Release|x64
		{D99A2B1C-C789-4FD4-9838-3BC1BF80AFC6}.Release|x64.Deploy.0 = Release|x64
		{D99A2B1C-C789-4FD4-9838-3BC1BF80AFC6}.Release|x86.ActiveCfg = Release|x86
		{D99A2B1C-C789-4FD4-9838-3BC1BF80AFC6}.Release|x86.Build.0 = Release|x86
		{D99A2B1C-C789-4FD4-9838-3BC1BF80AFC6}.Release|x86.Deploy.0 = Release|x86
		{09468A00-71F5-4406-A4C4-A6C7E491258F}.Debug|Any CPU.ActiveCfg = Debug|Any CPU
		{09468A00-71F5-4406-A4C4-A6C7E491258F}.Debug|Any CPU.Build.0 = Debug|Any CPU
		{09468A00-71F5-4406-A4C4-A6C7E491258F}.Debug|ARM.ActiveCfg = Debug|Any CPU
		{09468A00-71F5-4406-A4C4-A6C7E491258F}.Debug|x64.ActiveCfg = Debug|Any CPU
		{09468A00-71F5-4406-A4C4-A6C7E491258F}.Debug|x86.ActiveCfg = Debug|Any CPU
		{09468A00-71F5-4406-A4C4-A6C7E491258F}.Release|Any CPU.ActiveCfg = Release|Any CPU
		{09468A00-71F5-4406-A4C4-A6C7E491258F}.Release|Any CPU.Build.0 = Release|Any CPU
		{09468A00-71F5-4406-A4C4-A6C7E491258F}.Release|ARM.ActiveCfg = Release|Any CPU
		{09468A00-71F5-4406-A4C4-A6C7E491258F}.Release|x64.ActiveCfg = Release|Any CPU
		{09468A00-71F5-4406-A4C4-A6C7E491258F}.Release|x86.ActiveCfg = Release|Any CPU
		{C5994B7F-CFA5-490A-BFC5-34148FD9A153}.Debug|Any CPU.ActiveCfg = Debug|Any CPU
		{C5994B7F-CFA5-490A-BFC5-34148FD9A153}.Debug|Any CPU.Build.0 = Debug|Any CPU
		{C5994B7F-CFA5-490A-BFC5-34148FD9A153}.Debug|ARM.ActiveCfg = Debug|Any CPU
		{C5994B7F-CFA5-490A-BFC5-34148FD9A153}.Debug|x64.ActiveCfg = Debug|Any CPU
		{C5994B7F-CFA5-490A-BFC5-34148FD9A153}.Debug|x86.ActiveCfg = Debug|Any CPU
		{C5994B7F-CFA5-490A-BFC5-34148FD9A153}.Release|Any CPU.ActiveCfg = Release|Any CPU
		{C5994B7F-CFA5-490A-BFC5-34148FD9A153}.Release|Any CPU.Build.0 = Release|Any CPU
		{C5994B7F-CFA5-490A-BFC5-34148FD9A153}.Release|ARM.ActiveCfg = Release|Any CPU
		{C5994B7F-CFA5-490A-BFC5-34148FD9A153}.Release|x64.ActiveCfg = Release|Any CPU
		{C5994B7F-CFA5-490A-BFC5-34148FD9A153}.Release|x86.ActiveCfg = Release|Any CPU
	EndGlobalSection
	GlobalSection(SolutionProperties) = preSolution
		HideSolutionNode = FALSE
	EndGlobalSection
EndGlobal
